// !$*UTF8*$!
{
	archiveVersion = 1;
	classes = {
	};
	objectVersion = 46;
	objects = {

/* Begin PBXBuildFile section */
		318C4B961A82F62F0062B40E /* main.m in Sources */ = {isa = PBXBuildFile; fileRef = 318C4B951A82F62F0062B40E /* main.m */; };
		318C4B991A82F6300062B40E /* AppDelegate.m in Sources */ = {isa = PBXBuildFile; fileRef = 318C4B981A82F6300062B40E /* AppDelegate.m */; };
		318C4B9C1A82F6300062B40E /* ViewController.m in Sources */ = {isa = PBXBuildFile; fileRef = 318C4B9B1A82F6300062B40E /* ViewController.m */; };
		318C4B9F1A82F6300062B40E /* Main.storyboard in Resources */ = {isa = PBXBuildFile; fileRef = 318C4B9D1A82F6300062B40E /* Main.storyboard */; };
		318C4BA11A82F6300062B40E /* Images.xcassets in Resources */ = {isa = PBXBuildFile; fileRef = 318C4BA01A82F6300062B40E /* Images.xcassets */; };
		318C4BA41A82F6300062B40E /* LaunchScreen.xib in Resources */ = {isa = PBXBuildFile; fileRef = 318C4BA21A82F6300062B40E /* LaunchScreen.xib */; };
		318C4BB01A82F6300062B40E /* Tic_Tac_SnowTests.m in Sources */ = {isa = PBXBuildFile; fileRef = 318C4BAF1A82F6300062B40E /* Tic_Tac_SnowTests.m */; };
/* End PBXBuildFile section */

/* Begin PBXContainerItemProxy section */
		318C4BAA1A82F6300062B40E /* PBXContainerItemProxy */ = {
			isa = PBXContainerItemProxy;
			containerPortal = 318C4B881A82F62F0062B40E /* Project object */;
			proxyType = 1;
			remoteGlobalIDString = 318C4B8F1A82F62F0062B40E;
			remoteInfo = "Tic Tac Snow";
		};
/* End PBXContainerItemProxy section */

/* Begin PBXFileReference section */
		318C4B901A82F62F0062B40E /* Tic Tac Snow.app */ = {isa = PBXFileReference; explicitFileType = wrapper.application; includeInIndex = 0; path = "Tic Tac Snow.app"; sourceTree = BUILT_PRODUCTS_DIR; };
		318C4B941A82F62F0062B40E /* Info.plist */ = {isa = PBXFileReference; lastKnownFileType = text.plist.xml; path = Info.plist; sourceTree = "<group>"; };
		318C4B951A82F62F0062B40E /* main.m */ = {isa = PBXFileReference; lastKnownFileType = sourcecode.c.objc; path = main.m; sourceTree = "<group>"; };
		318C4B971A82F6300062B40E /* AppDelegate.h */ = {isa = PBXFileReference; lastKnownFileType = sourcecode.c.h; path = AppDelegate.h; sourceTree = "<group>"; };
		318C4B981A82F6300062B40E /* AppDelegate.m */ = {isa = PBXFileReference; lastKnownFileType = sourcecode.c.objc; path = AppDelegate.m; sourceTree = "<group>"; };
		318C4B9A1A82F6300062B40E /* ViewController.h */ = {isa = PBXFileReference; lastKnownFileType = sourcecode.c.h; path = ViewController.h; sourceTree = "<group>"; };
		318C4B9B1A82F6300062B40E /* ViewController.m */ = {isa = PBXFileReference; lastKnownFileType = sourcecode.c.objc; path = ViewController.m; sourceTree = "<group>"; };
		318C4B9E1A82F6300062B40E /* Base */ = {isa = PBXFileReference; lastKnownFileType = file.storyboard; name = Base; path = Base.lproj/Main.storyboard; sourceTree = "<group>"; };
		318C4BA01A82F6300062B40E /* Images.xcassets */ = {isa = PBXFileReference; lastKnownFileType = folder.assetcatalog; path = Images.xcassets; sourceTree = "<group>"; };
		318C4BA31A82F6300062B40E /* Base */ = {isa = PBXFileReference; lastKnownFileType = file.xib; name = Base; path = Base.lproj/LaunchScreen.xib; sourceTree = "<group>"; };
		318C4BA91A82F6300062B40E /* Tic Tac SnowTests.xctest */ = {isa = PBXFileReference; explicitFileType = wrapper.cfbundle; includeInIndex = 0; path = "Tic Tac SnowTests.xctest"; sourceTree = BUILT_PRODUCTS_DIR; };
		318C4BAE1A82F6300062B40E /* Info.plist */ = {isa = PBXFileReference; lastKnownFileType = text.plist.xml; path = Info.plist; sourceTree = "<group>"; };
		318C4BAF1A82F6300062B40E /* Tic_Tac_SnowTests.m */ = {isa = PBXFileReference; lastKnownFileType = sourcecode.c.objc; path = Tic_Tac_SnowTests.m; sourceTree = "<group>"; };
/* End PBXFileReference section */

/* Begin PBXFrameworksBuildPhase section */
		318C4B8D1A82F62F0062B40E /* Frameworks */ = {
			isa = PBXFrameworksBuildPhase;
			buildActionMask = 2147483647;
			files = (
			);
			runOnlyForDeploymentPostprocessing = 0;
		};
		318C4BA61A82F6300062B40E /* Frameworks */ = {
			isa = PBXFrameworksBuildPhase;
			buildActionMask = 2147483647;
			files = (
			);
			runOnlyForDeploymentPostprocessing = 0;
		};
/* End PBXFrameworksBuildPhase section */

/* Begin PBXGroup section */
		318C4B871A82F62F0062B40E = {
			isa = PBXGroup;
			children = (
				318C4B921A82F62F0062B40E /* Tic Tac Snow */,
				318C4BAC1A82F6300062B40E /* Tic Tac SnowTests */,
				318C4B911A82F62F0062B40E /* Products */,
			);
			sourceTree = "<group>";
		};
		318C4B911A82F62F0062B40E /* Products */ = {
			isa = PBXGroup;
			children = (
				318C4B901A82F62F0062B40E /* Tic Tac Snow.app */,
				318C4BA91A82F6300062B40E /* Tic Tac SnowTests.xctest */,
			);
			name = Products;
			sourceTree = "<group>";
		};
		318C4B921A82F62F0062B40E /* Tic Tac Snow */ = {
			isa = PBXGroup;
			children = (
				318C4B971A82F6300062B40E /* AppDelegate.h */,
				318C4B981A82F6300062B40E /* AppDelegate.m */,
				318C4B9A1A82F6300062B40E /* ViewController.h */,
				318C4B9B1A82F6300062B40E /* ViewController.m */,
				318C4B9D1A82F6300062B40E /* Main.storyboard */,
				318C4BA01A82F6300062B40E /* Images.xcassets */,
				318C4BA21A82F6300062B40E /* LaunchScreen.xib */,
				318C4B931A82F62F0062B40E /* Supporting Files */,
			);
			path = "Tic Tac Snow";
			sourceTree = "<group>";
		};
		318C4B931A82F62F0062B40E /* Supporting Files */ = {
			isa = PBXGroup;
			children = (
				318C4B941A82F62F0062B40E /* Info.plist */,
				318C4B951A82F62F0062B40E /* main.m */,
			);
			name = "Supporting Files";
			sourceTree = "<group>";
		};
		318C4BAC1A82F6300062B40E /* Tic Tac SnowTests */ = {
			isa = PBXGroup;
			children = (
				318C4BAF1A82F6300062B40E /* Tic_Tac_SnowTests.m */,
				318C4BAD1A82F6300062B40E /* Supporting Files */,
			);
			path = "Tic Tac SnowTests";
			sourceTree = "<group>";
		};
		318C4BAD1A82F6300062B40E /* Supporting Files */ = {
			isa = PBXGroup;
			children = (
				318C4BAE1A82F6300062B40E /* Info.plist */,
			);
			name = "Supporting Files";
			sourceTree = "<group>";
		};
/* End PBXGroup section */

/* Begin PBXNativeTarget section */
		318C4B8F1A82F62F0062B40E /* Tic Tac Snow */ = {
			isa = PBXNativeTarget;
			buildConfigurationList = 318C4BB31A82F6300062B40E /* Build configuration list for PBXNativeTarget "Tic Tac Snow" */;
			buildPhases = (
				318C4B8C1A82F62F0062B40E /* Sources */,
				318C4B8D1A82F62F0062B40E /* Frameworks */,
				318C4B8E1A82F62F0062B40E /* Resources */,
			);
			buildRules = (
			);
			dependencies = (
			);
			name = "Tic Tac Snow";
			productName = "Tic Tac Snow";
			productReference = 318C4B901A82F62F0062B40E /* Tic Tac Snow.app */;
			productType = "com.apple.product-type.application";
		};
		318C4BA81A82F6300062B40E /* Tic Tac SnowTests */ = {
			isa = PBXNativeTarget;
			buildConfigurationList = 318C4BB61A82F6300062B40E /* Build configuration list for PBXNativeTarget "Tic Tac SnowTests" */;
			buildPhases = (
				318C4BA51A82F6300062B40E /* Sources */,
				318C4BA61A82F6300062B40E /* Frameworks */,
				318C4BA71A82F6300062B40E /* Resources */,
			);
			buildRules = (
			);
			dependencies = (
				318C4BAB1A82F6300062B40E /* PBXTargetDependency */,
			);
			name = "Tic Tac SnowTests";
			productName = "Tic Tac SnowTests";
			productReference = 318C4BA91A82F6300062B40E /* Tic Tac SnowTests.xctest */;
			productType = "com.apple.product-type.bundle.unit-test";
		};
/* End PBXNativeTarget section */

/* Begin PBXProject section */
		318C4B881A82F62F0062B40E /* Project object */ = {
			isa = PBXProject;
			attributes = {
				LastUpgradeCheck = 0610;
				ORGANIZATIONNAME = ajchang;
				TargetAttributes = {
					318C4B8F1A82F62F0062B40E = {
						CreatedOnToolsVersion = 6.1.1;
					};
					318C4BA81A82F6300062B40E = {
						CreatedOnToolsVersion = 6.1.1;
						TestTargetID = 318C4B8F1A82F62F0062B40E;
					};
				};
			};
			buildConfigurationList = 318C4B8B1A82F62F0062B40E /* Build configuration list for PBXProject "Tic Tac Snow" */;
			compatibilityVersion = "Xcode 3.2";
			developmentRegion = English;
			hasScannedForEncodings = 0;
			knownRegions = (
				en,
				Base,
			);
			mainGroup = 318C4B871A82F62F0062B40E;
			productRefGroup = 318C4B911A82F62F0062B40E /* Products */;
			projectDirPath = "";
			projectRoot = "";
			targets = (
				318C4B8F1A82F62F0062B40E /* Tic Tac Snow */,
				318C4BA81A82F6300062B40E /* Tic Tac SnowTests */,
			);
		};
/* End PBXProject section */

/* Begin PBXResourcesBuildPhase section */
		318C4B8E1A82F62F0062B40E /* Resources */ = {
			isa = PBXResourcesBuildPhase;
			buildActionMask = 2147483647;
			files = (
				318C4B9F1A82F6300062B40E /* Main.storyboard in Resources */,
				318C4BA41A82F6300062B40E /* LaunchScreen.xib in Resources */,
				318C4BA11A82F6300062B40E /* Images.xcassets in Resources */,
			);
			runOnlyForDeploymentPostprocessing = 0;
		};
		318C4BA71A82F6300062B40E /* Resources */ = {
			isa = PBXResourcesBuildPhase;
			buildActionMask = 2147483647;
			files = (
			);
			runOnlyForDeploymentPostprocessing = 0;
		};
/* End PBXResourcesBuildPhase section */

/* Begin PBXSourcesBuildPhase section */
		318C4B8C1A82F62F0062B40E /* Sources */ = {
			isa = PBXSourcesBuildPhase;
			buildActionMask = 2147483647;
			files = (
				318C4B9C1A82F6300062B40E /* ViewController.m in Sources */,
				318C4B991A82F6300062B40E /* AppDelegate.m in Sources */,
				318C4B961A82F62F0062B40E /* main.m in Sources */,
			);
			runOnlyForDeploymentPostprocessing = 0;
		};
		318C4BA51A82F6300062B40E /* Sources */ = {
			isa = PBXSourcesBuildPhase;
			buildActionMask = 2147483647;
			files = (
				318C4BB01A82F6300062B40E /* Tic_Tac_SnowTests.m in Sources */,
			);
			runOnlyForDeploymentPostprocessing = 0;
		};
/* End PBXSourcesBuildPhase section */

/* Begin PBXTargetDependency section */
		318C4BAB1A82F6300062B40E /* PBXTargetDependency */ = {
			isa = PBXTargetDependency;
			target = 318C4B8F1A82F62F0062B40E /* Tic Tac Snow */;
			targetProxy = 318C4BAA1A82F6300062B40E /* PBXContainerItemProxy */;
		};
/* End PBXTargetDependency section */

/* Begin PBXVariantGroup section */
		318C4B9D1A82F6300062B40E /* Main.storyboard */ = {
			isa = PBXVariantGroup;
			children = (
				318C4B9E1A82F6300062B40E /* Base */,
			);
			name = Main.storyboard;
			sourceTree = "<group>";
		};
		318C4BA21A82F6300062B40E /* LaunchScreen.xib */ = {
			isa = PBXVariantGroup;
			children = (
				318C4BA31A82F6300062B40E /* Base */,
			);
			name = LaunchScreen.xib;
			sourceTree = "<group>";
		};
/* End PBXVariantGroup section */

/* Begin XCBuildConfiguration section */
		318C4BB11A82F6300062B40E /* Debug */ = {
			isa = XCBuildConfiguration;
			buildSettings = {
				ALWAYS_SEARCH_USER_PATHS = NO;
				CLANG_CXX_LANGUAGE_STANDARD = "gnu++0x";
				CLANG_CXX_LIBRARY = "libc++";
				CLANG_ENABLE_MODULES = YES;
				CLANG_ENABLE_OBJC_ARC = YES;
				CLANG_WARN_BOOL_CONVERSION = YES;
				CLANG_WARN_CONSTANT_CONVERSION = YES;
				CLANG_WARN_DIRECT_OBJC_ISA_USAGE = YES_ERROR;
				CLANG_WARN_EMPTY_BODY = YES;
				CLANG_WARN_ENUM_CONVERSION = YES;
				CLANG_WARN_INT_CONVERSION = YES;
				CLANG_WARN_OBJC_ROOT_CLASS = YES_ERROR;
				CLANG_WARN_UNREACHABLE_CODE = YES;
				CLANG_WARN__DUPLICATE_METHOD_MATCH = YES;
				"CODE_SIGN_IDENTITY[sdk=iphoneos*]" = "iPhone Developer";
				COPY_PHASE_STRIP = NO;
				ENABLE_STRICT_OBJC_MSGSEND = YES;
				GCC_C_LANGUAGE_STANDARD = gnu99;
				GCC_DYNAMIC_NO_PIC = NO;
				GCC_OPTIMIZATION_LEVEL = 0;
				GCC_PREPROCESSOR_DEFINITIONS = (
					"DEBUG=1",
					"$(inherited)",
				);
				GCC_SYMBOLS_PRIVATE_EXTERN = NO;
				GCC_WARN_64_TO_32_BIT_CONVERSION = YES;
				GCC_WARN_ABOUT_RETURN_TYPE = YES_ERROR;
				GCC_WARN_UNDECLARED_SELECTOR = YES;
				GCC_WARN_UNINITIALIZED_AUTOS = YES_AGGRESSIVE;
				GCC_WARN_UNUSED_FUNCTION = YES;
				GCC_WARN_UNUSED_VARIABLE = YES;
				IPHONEOS_DEPLOYMENT_TARGET = 8.1;
				MTL_ENABLE_DEBUG_INFO = YES;
				ONLY_ACTIVE_ARCH = YES;
				SDKROOT = iphoneos;
			};
			name = Debug;
		};
		318C4BB21A82F6300062B40E /* Release */ = {
			isa = XCBuildConfiguration;
			buildSettings = {
				ALWAYS_SEARCH_USER_PATHS = NO;
				CLANG_CXX_LANGUAGE_STANDARD = "gnu++0x";
				CLANG_CXX_LIBRARY = "libc++";
				CLANG_ENABLE_MODULES = YES;
				CLANG_ENABLE_OBJC_ARC = YES;
				CLANG_WARN_BOOL_CONVERSION = YES;
				CLANG_WARN_CONSTANT_CONVERSION = YES;
				CLANG_WARN_DIRECT_OBJC_ISA_USAGE = YES_ERROR;
				CLANG_WARN_EMPTY_BODY = YES;
				CLANG_WARN_ENUM_CONVERSION = YES;
				CLANG_WARN_INT_CONVERSION = YES;
				CLANG_WARN_OBJC_ROOT_CLASS = YES_ERROR;
				CLANG_WARN_UNREACHABLE_CODE = YES;
				CLANG_WARN__DUPLICATE_METHOD_MATCH = YES;
				"CODE_SIGN_IDENTITY[sdk=iphoneos*]" = "iPhone Developer";
				COPY_PHASE_STRIP = YES;
				ENABLE_NS_ASSERTIONS = NO;
				ENABLE_STRICT_OBJC_MSGSEND = YES;
				GCC_C_LANGUAGE_STANDARD = gnu99;
				GCC_WARN_64_TO_32_BIT_CONVERSION = YES;
				GCC_WARN_ABOUT_RETURN_TYPE = YES_ERROR;
				GCC_WARN_UNDECLARED_SELECTOR = YES;
				GCC_WARN_UNINITIALIZED_AUTOS = YES_AGGRESSIVE;
				GCC_WARN_UNUSED_FUNCTION = YES;
				GCC_WARN_UNUSED_VARIABLE = YES;
				IPHONEOS_DEPLOYMENT_TARGET = 8.1;
				MTL_ENABLE_DEBUG_INFO = NO;
				SDKROOT = iphoneos;
				VALIDATE_PRODUCT = YES;
			};
			name = Release;
		};
		318C4BB41A82F6300062B40E /* Debug */ = {
			isa = XCBuildConfiguration;
			buildSettings = {
				ASSETCATALOG_COMPILER_APPICON_NAME = AppIcon;
				INFOPLIST_FILE = "Tic Tac Snow/Info.plist";
				LD_RUNPATH_SEARCH_PATHS = "$(inherited) @executable_path/Frameworks";
				PRODUCT_NAME = "$(TARGET_NAME)";
			};
			name = Debug;
		};
		318C4BB51A82F6300062B40E /* Release */ = {
			isa = XCBuildConfiguration;
			buildSettings = {
				ASSETCATALOG_COMPILER_APPICON_NAME = AppIcon;
				INFOPLIST_FILE = "Tic Tac Snow/Info.plist";
				LD_RUNPATH_SEARCH_PATHS = "$(inherited) @executable_path/Frameworks";
				PRODUCT_NAME = "$(TARGET_NAME)";
			};
			name = Release;
		};
		318C4BB71A82F6300062B40E /* Debug */ = {
			isa = XCBuildConfiguration;
			buildSettings = {
				BUNDLE_LOADER = "$(TEST_HOST)";
				FRAMEWORK_SEARCH_PATHS = (
					"$(SDKROOT)/Developer/Library/Frameworks",
					"$(inherited)",
				);
				GCC_PREPROCESSOR_DEFINITIONS = (
					"DEBUG=1",
					"$(inherited)",
				);
				INFOPLIST_FILE = "Tic Tac SnowTests/Info.plist";
				LD_RUNPATH_SEARCH_PATHS = "$(inherited) @executable_path/Frameworks @loader_path/Frameworks";
				PRODUCT_NAME = "$(TARGET_NAME)";
				TEST_HOST = "$(BUILT_PRODUCTS_DIR)/Tic Tac Snow.app/Tic Tac Snow";
			};
			name = Debug;
		};
		318C4BB81A82F6300062B40E /* Release */ = {
			isa = XCBuildConfiguration;
			buildSettings = {
				BUNDLE_LOADER = "$(TEST_HOST)";
				FRAMEWORK_SEARCH_PATHS = (
					"$(SDKROOT)/Developer/Library/Frameworks",
					"$(inherited)",
				);
				INFOPLIST_FILE = "Tic Tac SnowTests/Info.plist";
				LD_RUNPATH_SEARCH_PATHS = "$(inherited) @executable_path/Frameworks @loader_path/Frameworks";
				PRODUCT_NAME = "$(TARGET_NAME)";
				TEST_HOST = "$(BUILT_PRODUCTS_DIR)/Tic Tac Snow.app/Tic Tac Snow";
			};
			name = Release;
		};
/* End XCBuildConfiguration section */

/* Begin XCConfigurationList section */
		318C4B8B1A82F62F0062B40E /* Build configuration list for PBXProject "Tic Tac Snow" */ = {
			isa = XCConfigurationList;
			buildConfigurations = (
				318C4BB11A82F6300062B40E /* Debug */,
				318C4BB21A82F6300062B40E /* Release */,
			);
			defaultConfigurationIsVisible = 0;
			defaultConfigurationName = Release;
		};
		318C4BB31A82F6300062B40E /* Build configuration list for PBXNativeTarget "Tic Tac Snow" */ = {
			isa = XCConfigurationList;
			buildConfigurations = (
				318C4BB41A82F6300062B40E /* Debug */,
				318C4BB51A82F6300062B40E /* Release */,
			);
			defaultConfigurationIsVisible = 0;
		};
		318C4BB61A82F6300062B40E /* Build configuration list for PBXNativeTarget "Tic Tac SnowTests" */ = {
			isa = XCConfigurationList;
			buildConfigurations = (
				318C4BB71A82F6300062B40E /* Debug */,
				318C4BB81A82F6300062B40E /* Release */,
			);
			defaultConfigurationIsVisible = 0;
		};
/* End XCConfigurationList section */
	};
	rootObject = 318C4B881A82F62F0062B40E /* Project object */;
}
